// !$*UTF8*$!
{
	archiveVersion = 1;
	classes = {
	};
	objectVersion = 46;
	objects = {

/* Begin PBXBuildFile section */
		849EDDAB1DB471FE0069CD0E /* AppDelegate.swift in Sources */ = {isa = PBXBuildFile; fileRef = 849EDDAA1DB471FE0069CD0E /* AppDelegate.swift */; };
		849EDDAD1DB471FE0069CD0E /* ViewController.swift in Sources */ = {isa = PBXBuildFile; fileRef = 849EDDAC1DB471FE0069CD0E /* ViewController.swift */; };
		849EDDB01DB471FE0069CD0E /* Main.storyboard in Resources */ = {isa = PBXBuildFile; fileRef = 849EDDAE1DB471FE0069CD0E /* Main.storyboard */; };
		849EDDB21DB471FE0069CD0E /* Assets.xcassets in Resources */ = {isa = PBXBuildFile; fileRef = 849EDDB11DB471FE0069CD0E /* Assets.xcassets */; };
		849EDDB51DB471FE0069CD0E /* LaunchScreen.storyboard in Resources */ = {isa = PBXBuildFile; fileRef = 849EDDB31DB471FE0069CD0E /* LaunchScreen.storyboard */; };
		849EDDC11DB472340069CD0E /* List.png in Resources */ = {isa = PBXBuildFile; fileRef = 849EDDBE1DB472340069CD0E /* List.png */; };
		849EDDC21DB472340069CD0E /* Untitled-1.png in Resources */ = {isa = PBXBuildFile; fileRef = 849EDDBF1DB472340069CD0E /* Untitled-1.png */; };
		849EDDC31DB472340069CD0E /* Untitled-2.png in Resources */ = {isa = PBXBuildFile; fileRef = 849EDDC01DB472340069CD0E /* Untitled-2.png */; };
/* End PBXBuildFile section */

/* Begin PBXFileReference section */
		849EDDA71DB471FE0069CD0E /* Login.app */ = {isa = PBXFileReference; explicitFileType = wrapper.application; includeInIndex = 0; path = Login.app; sourceTree = BUILT_PRODUCTS_DIR; };
		849EDDAA1DB471FE0069CD0E /* AppDelegate.swift */ = {isa = PBXFileReference; lastKnownFileType = sourcecode.swift; path = AppDelegate.swift; sourceTree = "<group>"; };
		849EDDAC1DB471FE0069CD0E /* ViewController.swift */ = {isa = PBXFileReference; lastKnownFileType = sourcecode.swift; path = ViewController.swift; sourceTree = "<group>"; };
		849EDDAF1DB471FE0069CD0E /* Base */ = {isa = PBXFileReference; lastKnownFileType = file.storyboard; name = Base; path = Base.lproj/Main.storyboard; sourceTree = "<group>"; };
		849EDDB11DB471FE0069CD0E /* Assets.xcassets */ = {isa = PBXFileReference; lastKnownFileType = folder.assetcatalog; path = Assets.xcassets; sourceTree = "<group>"; };
		849EDDB41DB471FE0069CD0E /* Base */ = {isa = PBXFileReference; lastKnownFileType = file.storyboard; name = Base; path = Base.lproj/LaunchScreen.storyboard; sourceTree = "<group>"; };
		849EDDB61DB471FE0069CD0E /* Info.plist */ = {isa = PBXFileReference; lastKnownFileType = text.plist.xml; path = Info.plist; sourceTree = "<group>"; };
		849EDDBE1DB472340069CD0E /* List.png */ = {isa = PBXFileReference; lastKnownFileType = image.png; path = List.png; sourceTree = "<group>"; };
		849EDDBF1DB472340069CD0E /* Untitled-1.png */ = {isa = PBXFileReference; lastKnownFileType = image.png; path = "Untitled-1.png"; sourceTree = "<group>"; };
		849EDDC01DB472340069CD0E /* Untitled-2.png */ = {isa = PBXFileReference; lastKnownFileType = image.png; path = "Untitled-2.png"; sourceTree = "<group>"; };
/* End PBXFileReference section */

/* Begin PBXFrameworksBuildPhase section */
		849EDDA41DB471FE0069CD0E /* Frameworks */ = {
			isa = PBXFrameworksBuildPhase;
			buildActionMask = 2147483647;
			files = (
			);
			runOnlyForDeploymentPostprocessing = 0;
		};
/* End PBXFrameworksBuildPhase section */

/* Begin PBXGroup section */
		849EDD9E1DB471FE0069CD0E = {
			isa = PBXGroup;
			children = (
				849EDDA91DB471FE0069CD0E /* Login */,
				849EDDA81DB471FE0069CD0E /* Products */,
			);
			sourceTree = "<group>";
		};
		849EDDA81DB471FE0069CD0E /* Products */ = {
			isa = PBXGroup;
			children = (
				849EDDA71DB471FE0069CD0E /* Login.app */,
			);
			name = Products;
			sourceTree = "<group>";
		};
		849EDDA91DB471FE0069CD0E /* Login */ = {
			isa = PBXGroup;
			children = (
				849EDDBE1DB472340069CD0E /* List.png */,
				849EDDBF1DB472340069CD0E /* Untitled-1.png */,
				849EDDC01DB472340069CD0E /* Untitled-2.png */,
				849EDDAA1DB471FE0069CD0E /* AppDelegate.swift */,
				849EDDAC1DB471FE0069CD0E /* ViewController.swift */,
				849EDDAE1DB471FE0069CD0E /* Main.storyboard */,
				849EDDB11DB471FE0069CD0E /* Assets.xcassets */,
				849EDDB31DB471FE0069CD0E /* LaunchScreen.storyboard */,
				849EDDB61DB471FE0069CD0E /* Info.plist */,
			);
			path = Login;
			sourceTree = "<group>";
		};
/* End PBXGroup section */

/* Begin PBXNativeTarget section */
		849EDDA61DB471FE0069CD0E /* Login */ = {
			isa = PBXNativeTarget;
			buildConfigurationList = 849EDDB91DB471FE0069CD0E /* Build configuration list for PBXNativeTarget "Login" */;
			buildPhases = (
				849EDDA31DB471FE0069CD0E /* Sources */,
				849EDDA41DB471FE0069CD0E /* Frameworks */,
				849EDDA51DB471FE0069CD0E /* Resources */,
			);
			buildRules = (
			);
			dependencies = (
			);
			name = Login;
			productName = Login;
			productReference = 849EDDA71DB471FE0069CD0E /* Login.app */;
			productType = "com.apple.product-type.application";
		};
/* End PBXNativeTarget section */

/* Begin PBXProject section */
		849EDD9F1DB471FE0069CD0E /* Project object */ = {
			isa = PBXProject;
			attributes = {
				LastSwiftUpdateCheck = 0800;
				LastUpgradeCheck = 0800;
				ORGANIZATIONNAME = admin;
				TargetAttributes = {
					849EDDA61DB471FE0069CD0E = {
						CreatedOnToolsVersion = 8.0;
						ProvisioningStyle = Automatic;
					};
				};
			};
			buildConfigurationList = 849EDDA21DB471FE0069CD0E /* Build configuration list for PBXProject "Login" */;
			compatibilityVersion = "Xcode 3.2";
			developmentRegion = English;
			hasScannedForEncodings = 0;
			knownRegions = (
				en,
				Base,
			);
			mainGroup = 849EDD9E1DB471FE0069CD0E;
			productRefGroup = 849EDDA81DB471FE0069CD0E /* Products */;
			projectDirPath = "";
			projectRoot = "";
			targets = (
				849EDDA61DB471FE0069CD0E /* Login */,
			);
		};
/* End PBXProject section */

/* Begin PBXResourcesBuildPhase section */
		849EDDA51DB471FE0069CD0E /* Resources */ = {
			isa = PBXResourcesBuildPhase;
			buildActionMask = 2147483647;
			files = (
				849EDDB51DB471FE0069CD0E /* LaunchScreen.storyboard in Resources */,
				849EDDC21DB472340069CD0E /* Untitled-1.png in Resources */,
				849EDDB21DB471FE0069CD0E /* Assets.xcassets in Resources */,
				849EDDB01DB471FE0069CD0E /* Main.storyboard in Resources */,
				849EDDC11DB472340069CD0E /* List.png in Resources */,
				849EDDC31DB472340069CD0E /* Untitled-2.png in Resources */,
			);
			runOnlyForDeploymentPostprocessing = 0;
		};
/* End PBXResourcesBuildPhase section */

/* Begin PBXSourcesBuildPhase section */
		849EDDA31DB471FE0069CD0E /* Sources */ = {
			isa = PBXSourcesBuildPhase;
			buildActionMask = 2147483647;
			files = (
				849EDDAD1DB471FE0069CD0E /* ViewController.swift in Sources */,
				849EDDAB1DB471FE0069CD0E /* AppDelegate.swift in Sources */,
			);
			runOnlyForDeploymentPostprocessing = 0;
		};
/* End PBXSourcesBuildPhase section */

/* Begin PBXVariantGroup section */
		849EDDAE1DB471FE0069CD0E /* Main.storyboard */ = {
			isa = PBXVariantGroup;
			children = (
				849EDDAF1DB471FE0069CD0E /* Base */,
			);
			name = Main.storyboard;
			sourceTree = "<group>";
		};
		849EDDB31DB471FE0069CD0E /* LaunchScreen.storyboard */ = {
			isa = PBXVariantGroup;
			children = (
				849EDDB41DB471FE0069CD0E /* Base */,
			);
			name = LaunchScreen.storyboard;
			sourceTree = "<group>";
		};
/* End PBXVariantGroup section */

/* Begin XCBuildConfiguration section */
		849EDDB71DB471FE0069CD0E /* Debug */ = {
			isa = XCBuildConfiguration;
			buildSettings = {
				ALWAYS_SEARCH_USER_PATHS = NO;
				CLANG_ANALYZER_NONNULL = YES;
				CLANG_CXX_LANGUAGE_STANDARD = "gnu++0x";
				CLANG_CXX_LIBRARY = "libc++";
				CLANG_ENABLE_MODULES = YES;
				CLANG_ENABLE_OBJC_ARC = YES;
				CLANG_WARN_BOOL_CONVERSION = YES;
				CLANG_WARN_CONSTANT_CONVERSION = YES;
				CLANG_WARN_DIRECT_OBJC_ISA_USAGE = YES_ERROR;
				CLANG_WARN_DOCUMENTATION_COMMENTS = YES;
				CLANG_WARN_EMPTY_BODY = YES;
				CLANG_WARN_ENUM_CONVERSION = YES;
				CLANG_WARN_INFINITE_RECURSION = YES;
				CLANG_WARN_INT_CONVERSION = YES;
				CLANG_WARN_OBJC_ROOT_CLASS = YES_ERROR;
				CLANG_WARN_SUSPICIOUS_MOVES = YES;
				CLANG_WARN_UNREACHABLE_CODE = YES;
				CLANG_WARN__DUPLICATE_METHOD_MATCH = YES;
				"CODE_SIGN_IDENTITY[sdk=iphoneos*]" = "iPhone Developer";
				COPY_PHASE_STRIP = NO;
				DEBUG_INFORMATION_FORMAT = dwarf;
				ENABLE_STRICT_OBJC_MSGSEND = YES;
				ENABLE_TESTABILITY = YES;
				GCC_C_LANGUAGE_STANDARD = gnu99;
				GCC_DYNAMIC_NO_PIC = NO;
				GCC_NO_COMMON_BLOCKS = YES;
				GCC_OPTIMIZATION_LEVEL = 0;
				GCC_PREPROCESSOR_DEFINITIONS = (
					"DEBUG=1",
					"$(inherited)",
				);
				GCC_WARN_64_TO_32_BIT_CONVERSION = YES;
				GCC_WARN_ABOUT_RETURN_TYPE = YES_ERROR;
				GCC_WARN_UNDECLARED_SELECTOR = YES;
				GCC_WARN_UNINITIALIZED_AUTOS = YES_AGGRESSIVE;
				GCC_WARN_UNUSED_FUNCTION = YES;
				GCC_WARN_UNUSED_VARIABLE = YES;
				IPHONEOS_DEPLOYMENT_TARGET = 10.0;
				MTL_ENABLE_DEBUG_INFO = YES;
				ONLY_ACTIVE_ARCH = YES;
				SDKROOT = iphoneos;
				SWIFT_ACTIVE_COMPILATION_CONDITIONS = DEBUG;
				SWIFT_OPTIMIZATION_LEVEL = "-Onone";
				TARGETED_DEVICE_FAMILY = "1,2";
			};
			name = Debug;
		};
		849EDDB81DB471FE0069CD0E /* Release */ = {
			isa = XCBuildConfiguration;
			buildSettings = {
				ALWAYS_SEARCH_USER_PATHS = NO;
				CLANG_ANALYZER_NONNULL = YES;
				CLANG_CXX_LANGUAGE_STANDARD = "gnu++0x";
				CLANG_CXX_LIBRARY = "libc++";
				CLANG_ENABLE_MODULES = YES;
				CLANG_ENABLE_OBJC_ARC = YES;
				CLANG_WARN_BOOL_CONVERSION = YES;
				CLANG_WARN_CONSTANT_CONVERSION = YES;
				CLANG_WARN_DIRECT_OBJC_ISA_USAGE = YES_ERROR;
				CLANG_WARN_DOCUMENTATION_COMMENTS = YES;
				CLANG_WARN_EMPTY_BODY = YES;
				CLANG_WARN_ENUM_CONVERSION = YES;
				CLANG_WARN_INFINITE_RECURSION = YES;
				CLANG_WARN_INT_CONVERSION = YES;
				CLANG_WARN_OBJC_ROOT_CLASS = YES_ERROR;
				CLANG_WARN_SUSPICIOUS_MOVES = YES;
				CLANG_WARN_UNREACHABLE_CODE = YES;
				CLANG_WARN__DUPLICATE_METHOD_MATCH = YES;
				"CODE_SIGN_IDENTITY[sdk=iphoneos*]" = "iPhone Developer";
				COPY_PHASE_STRIP = NO;
				DEBUG_INFORMATION_FORMAT = "dwarf-with-dsym";
				ENABLE_NS_ASSERTIONS = NO;
				ENABLE_STRICT_OBJC_MSGSEND = YES;
				GCC_C_LANGUAGE_STANDARD = gnu99;
				GCC_NO_COMMON_BLOCKS = YES;
				GCC_WARN_64_TO_32_BIT_CONVERSION = YES;
				GCC_WARN_ABOUT_RETURN_TYPE = YES_ERROR;
				GCC_WARN_UNDECLARED_SELECTOR = YES;
				GCC_WARN_UNINITIALIZED_AUTOS = YES_AGGRESSIVE;
				GCC_WARN_UNUSED_FUNCTION = YES;
				GCC_WARN_UNUSED_VARIABLE = YES;
				IPHONEOS_DEPLOYMENT_TARGET = 10.0;
				MTL_ENABLE_DEBUG_INFO = NO;
				SDKROOT = iphoneos;
				SWIFT_OPTIMIZATION_LEVEL = "-Owholemodule";
				TARGETED_DEVICE_FAMILY = "1,2";
				VALIDATE_PRODUCT = YES;
			};
			name = Release;
		};
		849EDDBA1DB471FE0069CD0E /* Debug */ = {
			isa = XCBuildConfiguration;
			buildSettings = {
				ASSETCATALOG_COMPILER_APPICON_NAME = AppIcon;
				INFOPLIST_FILE = Login/Info.plist;
				LD_RUNPATH_SEARCH_PATHS = "$(inherited) @executable_path/Frameworks";
				PRODUCT_BUNDLE_IDENTIFIER = com.quynv186.Login;
				PRODUCT_NAME = "$(TARGET_NAME)";
				SWIFT_VERSION = 3.0;
			};
			name = Debug;
		};
		849EDDBB1DB471FE0069CD0E /* Release */ = {
			isa = XCBuildConfiguration;
			buildSettings = {
				ASSETCATALOG_COMPILER_APPICON_NAME = AppIcon;
				INFOPLIST_FILE = Login/Info.plist;
				LD_RUNPATH_SEARCH_PATHS = "$(inherited) @executable_path/Frameworks";
				PRODUCT_BUNDLE_IDENTIFIER = com.quynv186.Login;
				PRODUCT_NAME = "$(TARGET_NAME)";
				SWIFT_VERSION = 3.0;
			};
			name = Release;
		};
/* End XCBuildConfiguration section */

/* Begin XCConfigurationList section */
		849EDDA21DB471FE0069CD0E /* Build configuration list for PBXProject "Login" */ = {
			isa = XCConfigurationList;
			buildConfigurations = (
				849EDDB71DB471FE0069CD0E /* Debug */,
				849EDDB81DB471FE0069CD0E /* Release */,
			);
			defaultConfigurationIsVisible = 0;
			defaultConfigurationName = Release;
		};
		849EDDB91DB471FE0069CD0E /* Build configuration list for PBXNativeTarget "Login" */ = {
			isa = XCConfigurationList;
			buildConfigurations = (
				849EDDBA1DB471FE0069CD0E /* Debug */,
				849EDDBB1DB471FE0069CD0E /* Release */,
			);
			defaultConfigurationIsVisible = 0;
		};
/* End XCConfigurationList section */
	};
	rootObject = 849EDD9F1DB471FE0069CD0E /* Project object */;
}
